version: 1
locked_at_utc: "2026-02-28T19:40:00Z"
matlab_reference:
  repo_path: "/Users/iahncajigas/Library/CloudStorage/Dropbox/Research/Matlab/nSTAT_currentRelease_Local"
  ref: "refs/heads/codex/split-nstat-python-bootstrap"
  commit: "1b5237b3176f6fc8aa3199d471e4bb7845a3ad5a"
python_target:
  repo_path: "/private/tmp/nSTAT-python-cleanroom"
  ref: "refs/heads/main"
  commit: "b786cccb38a91ba80dc362ab90daa7144fc3db72"
scope:
  required_matlab_classes:
    - SignalObj
    - Covariate
    - ConfidenceInterval
    - Events
    - History
    - nspikeTrain
    - nstColl
    - CovColl
    - TrialConfig
    - ConfigColl
    - Trial
    - CIF
    - Analysis
    - FitResult
    - FitResSummary
    - DecodingAlgorithms
  required_example_topics:
    - AnalysisExamples
    - AnalysisExamples2
    - ConfigCollExamples
    - CovCollExamples
    - CovariateExamples
    - DecodingExample
    - DecodingExampleWithHist
    - DocumentationSetup2025b
    - EventsExamples
    - ExplicitStimulusWhiskerData
    - FitResSummaryExamples
    - FitResultExamples
    - FitResultReference
    - HippocampalPlaceCellExample
    - HistoryExamples
    - HybridFilterExample
    - NetworkTutorial
    - PPSimExample
    - PPThinning
    - PSTHEstimation
    - SignalObjExamples
    - StimulusDecode2D
    - TrialConfigExamples
    - TrialExamples
    - ValidationDataSet
    - mEPSCAnalysis
    - nSTATPaperExamples
    - nSpikeTrainExamples
    - nstCollExamples
    - publish_all_helpfiles
